{
  "requires": true,
  "lockfileVersion": 1,
  "dependencies": {
    "dc-1707d": {
      "version": "1.3.5",
      "resolved": "https://registry.npmjs.org/dc-1707d/-/dc-1707d-1.3.5.tgz",
      "integrity": "sha512-5gosNhUkp+or5uSR14qTkrEBpp+z53ntXxMBxA1rP8eVJyuvHap4P4QiT7jKxlO6OiCGqF8h8i1vvDxtdyVu8A==",
      "dev": true
    }
  }
}
